
Microsoft Visual Studio Solution File, Format Version 12.00
# Visual Studio Version 16
VisualStudioVersion = 16.0.31205.134
MinimumVisualStudioVersion = 10.0.40219.1
Project("{FAE04EC0-301F-11D3-BF4B-00C04F79EFBC}") = "FirstASPWebApp", "FirstASPWebApp\FirstASPWebApp.csproj", "{0E1E67AD-EB9B-4B94-97A9-79E0F662EFD4}"
EndProject
Project("{FAE04EC0-301F-11D3-BF4B-00C04F79EFBC}") = "FirstASPWebData", "FirstASPWebData\FirstASPWebData.csproj", "{1132FA46-B3B4-4638-9A99-7B04497766C3}"
EndProject
Global
	GlobalSection(SolutionConfigurationPlatforms) = preSolution
		Debug|Any CPU = Debug|Any CPU
		Release|Any CPU = Release|Any CPU
	EndGlobalSection
	GlobalSection(ProjectConfigurationPlatforms) = postSolution
		{0E1E67AD-EB9B-4B94-97A9-79E0F662EFD4}.Debug|Any CPU.ActiveCfg = Debug|Any CPU
		{0E1E67AD-EB9B-4B94-97A9-79E0F662EFD4}.Debug|Any CPU.Build.0 = Debug|Any CPU
		{0E1E67AD-EB9B-4B94-97A9-79E0F662EFD4}.Release|Any CPU.ActiveCfg = Release|Any CPU
		{0E1E67AD-EB9B-4B94-97A9-79E0F662EFD4}.Release|Any CPU.Build.0 = Release|Any CPU
		{1132FA46-B3B4-4638-9A99-7B04497766C3}.Debug|Any CPU.ActiveCfg = Debug|Any CPU
		{1132FA46-B3B4-4638-9A99-7B04497766C3}.Debug|Any CPU.Build.0 = Debug|Any CPU
		{1132FA46-B3B4-4638-9A99-7B04497766C3}.Release|Any CPU.ActiveCfg = Release|Any CPU
		{1132FA46-B3B4-4638-9A99-7B04497766C3}.Release|Any CPU.Build.0 = Release|Any CPU
	EndGlobalSection
	GlobalSection(SolutionProperties) = preSolution
		HideSolutionNode = FALSE
	EndGlobalSection
	GlobalSection(ExtensibilityGlobals) = postSolution
		SolutionGuid = {39104E9E-172E-4EE8-9131-54BBC6E85BA8}
	EndGlobalSection
EndGlobal
