
Microsoft Visual Studio Solution File, Format Version 12.00
# Visual Studio Version 16
VisualStudioVersion = 16.0.31313.79
MinimumVisualStudioVersion = 10.0.40219.1
Project("{9A19103F-16F7-4668-BE54-9A1E7A4F7556}") = "FirstAWSLambda", "FirstAWSLambda\FirstAWSLambda.csproj", "{682EC49E-90D4-46AA-99F4-AF9313AE5DEF}"
EndProject
Global
	GlobalSection(SolutionConfigurationPlatforms) = preSolution
		Debug|Any CPU = Debug|Any CPU
		Release|Any CPU = Release|Any CPU
	EndGlobalSection
	GlobalSection(ProjectConfigurationPlatforms) = postSolution
		{682EC49E-90D4-46AA-99F4-AF9313AE5DEF}.Debug|Any CPU.ActiveCfg = Debug|Any CPU
		{682EC49E-90D4-46AA-99F4-AF9313AE5DEF}.Debug|Any CPU.Build.0 = Debug|Any CPU
		{682EC49E-90D4-46AA-99F4-AF9313AE5DEF}.Release|Any CPU.ActiveCfg = Release|Any CPU
		{682EC49E-90D4-46AA-99F4-AF9313AE5DEF}.Release|Any CPU.Build.0 = Release|Any CPU
	EndGlobalSection
	GlobalSection(SolutionProperties) = preSolution
		HideSolutionNode = FALSE
	EndGlobalSection
	GlobalSection(ExtensibilityGlobals) = postSolution
		SolutionGuid = {6623F0C7-ED74-4BCD-BC1B-ACEDABCFDDB7}
	EndGlobalSection
EndGlobal
