
Microsoft Visual Studio Solution File, Format Version 12.00
# Visual Studio Version 16
VisualStudioVersion = 16.0.31205.134
MinimumVisualStudioVersion = 10.0.40219.1
Project("{FAE04EC0-301F-11D3-BF4B-00C04F79EFBC}") = "WebApplication1", "WebApplication1\WebApplication1.csproj", "{B90A001A-C4F7-46FF-899C-1FD4A36B744A}"
EndProject
Global
	GlobalSection(SolutionConfigurationPlatforms) = preSolution
		Debug|Any CPU = Debug|Any CPU
		Release|Any CPU = Release|Any CPU
	EndGlobalSection
	GlobalSection(ProjectConfigurationPlatforms) = postSolution
		{B90A001A-C4F7-46FF-899C-1FD4A36B744A}.Debug|Any CPU.ActiveCfg = Debug|Any CPU
		{B90A001A-C4F7-46FF-899C-1FD4A36B744A}.Debug|Any CPU.Build.0 = Debug|Any CPU
		{B90A001A-C4F7-46FF-899C-1FD4A36B744A}.Release|Any CPU.ActiveCfg = Release|Any CPU
		{B90A001A-C4F7-46FF-899C-1FD4A36B744A}.Release|Any CPU.Build.0 = Release|Any CPU
	EndGlobalSection
	GlobalSection(SolutionProperties) = preSolution
		HideSolutionNode = FALSE
	EndGlobalSection
	GlobalSection(ExtensibilityGlobals) = postSolution
		SolutionGuid = {E24D0A66-4B25-49B7-A64D-2E559147F426}
	EndGlobalSection
EndGlobal
